
Microsoft Visual Studio Solution File, Format Version 12.00
# Visual Studio Version 17
VisualStudioVersion = 17.4.33205.214
MinimumVisualStudioVersion = 10.0.40219.1
Project("{9A19103F-16F7-4668-BE54-9A1E7A4F7556}") = "EF7_ValueObjects_Configuration_PoC", "EF7_ValueObjects_Configuration_PoC\EF7_ValueObjects_Configuration_PoC.csproj", "{9E8928FC-4D89-4B67-8A83-ACFE7C9366EA}"
EndProject
Global
	GlobalSection(SolutionConfigurationPlatforms) = preSolution
		Debug|Any CPU = Debug|Any CPU
		Release|Any CPU = Release|Any CPU
	EndGlobalSection
	GlobalSection(ProjectConfigurationPlatforms) = postSolution
		{9E8928FC-4D89-4B67-8A83-ACFE7C9366EA}.Debug|Any CPU.ActiveCfg = Debug|Any CPU
		{9E8928FC-4D89-4B67-8A83-ACFE7C9366EA}.Debug|Any CPU.Build.0 = Debug|Any CPU
		{9E8928FC-4D89-4B67-8A83-ACFE7C9366EA}.Release|Any CPU.ActiveCfg = Release|Any CPU
		{9E8928FC-4D89-4B67-8A83-ACFE7C9366EA}.Release|Any CPU.Build.0 = Release|Any CPU
	EndGlobalSection
	GlobalSection(SolutionProperties) = preSolution
		HideSolutionNode = FALSE
	EndGlobalSection
	GlobalSection(ExtensibilityGlobals) = postSolution
		SolutionGuid = {D878F6CB-1D9A-46D3-9B99-3E403CBFAE1B}
	EndGlobalSection
EndGlobal
